
Microsoft Visual Studio Solution File, Format Version 12.00
# Visual Studio Version 17
VisualStudioVersion = 17.3.32929.385
MinimumVisualStudioVersion = 10.0.40219.1
Project("{FAE04EC0-301F-11D3-BF4B-00C04F79EFBC}") = "Selenium_AXE-Accessibility_POM_Framework", "Selenium_AXE-Accessibility_POM_Framework\Selenium_AXE-Accessibility_POM_Framework.csproj", "{55DDD710-C919-4B5F-8F31-3BEF60C79B95}"
EndProject
Global
	GlobalSection(SolutionConfigurationPlatforms) = preSolution
		Debug|Any CPU = Debug|Any CPU
		Release|Any CPU = Release|Any CPU
	EndGlobalSection
	GlobalSection(ProjectConfigurationPlatforms) = postSolution
		{55DDD710-C919-4B5F-8F31-3BEF60C79B95}.Debug|Any CPU.ActiveCfg = Debug|Any CPU
		{55DDD710-C919-4B5F-8F31-3BEF60C79B95}.Debug|Any CPU.Build.0 = Debug|Any CPU
		{55DDD710-C919-4B5F-8F31-3BEF60C79B95}.Release|Any CPU.ActiveCfg = Release|Any CPU
		{55DDD710-C919-4B5F-8F31-3BEF60C79B95}.Release|Any CPU.Build.0 = Release|Any CPU
	EndGlobalSection
	GlobalSection(SolutionProperties) = preSolution
		HideSolutionNode = FALSE
	EndGlobalSection
	GlobalSection(ExtensibilityGlobals) = postSolution
		SolutionGuid = {2D742559-9FA0-4A20-A7CB-881C27A9E9FA}
	EndGlobalSection
EndGlobal
